
Microsoft Visual Studio Solution File, Format Version 12.00
# Visual Studio Version 17
VisualStudioVersion = 17.9.34607.119
MinimumVisualStudioVersion = 10.0.40219.1
Project("{FAE04EC0-301F-11D3-BF4B-00C04F79EFBC}") = "product app", "product app\product app.csproj", "{2C446972-F65B-4D10-8621-40B1257FC57E}"
EndProject
Global
	GlobalSection(SolutionConfigurationPlatforms) = preSolution
		Debug|Any CPU = Debug|Any CPU
		Release|Any CPU = Release|Any CPU
	EndGlobalSection
	GlobalSection(ProjectConfigurationPlatforms) = postSolution
		{2C446972-F65B-4D10-8621-40B1257FC57E}.Debug|Any CPU.ActiveCfg = Debug|Any CPU
		{2C446972-F65B-4D10-8621-40B1257FC57E}.Debug|Any CPU.Build.0 = Debug|Any CPU
		{2C446972-F65B-4D10-8621-40B1257FC57E}.Release|Any CPU.ActiveCfg = Release|Any CPU
		{2C446972-F65B-4D10-8621-40B1257FC57E}.Release|Any CPU.Build.0 = Release|Any CPU
	EndGlobalSection
	GlobalSection(SolutionProperties) = preSolution
		HideSolutionNode = FALSE
	EndGlobalSection
	GlobalSection(ExtensibilityGlobals) = postSolution
		SolutionGuid = {4B276EE8-95CE-40E1-A39C-AB192BCA3B29}
	EndGlobalSection
EndGlobal
